{
    "name": "node-red-project",
    "version": "0.0.1",
    "lockfileVersion": 1,
    "requires": true,
    "dependencies": {
        "async": {
            "version": "0.9.0",
            "resolved": "https://registry.npmjs.org/async/-/async-0.9.0.tgz",
            "integrity": "sha1-rDYTsdqb7RtHUQu0ZRuJMeRxRsc="
        },
        "node-red-contrib-async": {
            "version": "0.0.4",
            "resolved": "https://registry.npmjs.org/node-red-contrib-async/-/node-red-contrib-async-0.0.4.tgz",
            "integrity": "sha1-9W1vaJowhmnxXkytBu7wfIBn6PY=",
            "requires": {
                "async": "0.9.0",
                "underscore": "1.6.0"
            }
        },
        "node-red-contrib-flow-combine": {
            "version": "0.1.1",
            "resolved": "https://registry.npmjs.org/node-red-contrib-flow-combine/-/node-red-contrib-flow-combine-0.1.1.tgz",
            "integrity": "sha1-Fz16ZenW2aoom/mrw5gjTZCM62s="
        },
        "underscore": {
            "version": "1.6.0",
            "resolved": "https://registry.npmjs.org/underscore/-/underscore-1.6.0.tgz",
            "integrity": "sha1-izixDKze9jM3uLJOT/htRa6lKag="
        }
    }
}
